{
    "name": "proxy",
    "version": "1.0.0",
    "lockfileVersion": 1,
    "requires": true,
    "dependencies": {
        "commander": {
            "version": "2.20.3",
            "resolved": "https://registry.npmjs.org/commander/-/commander-2.20.3.tgz",
            "integrity": "sha512-GpVkmM8vF2vQUkj2LvZmD35JxeJOLCwJ9cUkugyk2nuhbv3+mJvpLYYt+0+USMxE+oj+ey/lJEnhZw75x/OMcQ=="
        },
        "node-tcp-proxy": {
            "version": "0.0.22",
            "resolved": "https://registry.npmjs.org/node-tcp-proxy/-/node-tcp-proxy-0.0.22.tgz",
            "integrity": "sha512-fKd1vduud9dPilLxnU9ImedTWOrWhItSrF+WCcZo+xgqORHFkztmvKdJXkD3bmC5y7UF5waRmwm0Osznudt2PQ==",
            "requires": {
                "commander": "^2.19.0"
            }
        }
    }
}
